{
  "name": "pois",
  "version": "1.0.0",
  "lockfileVersion": 2,
  "requires": true,
  "packages": {
    "": {
      "name": "pois",
      "version": "1.0.0",
      "license": "MIT",
      "dependencies": {
        "events": "github:browserify/events",
        "gpx-parser-ts": "^1.0.7"
      },
      "devDependencies": {
        "asbundle": "^2.7.0"
      }
    },
    "node_modules/@babel/parser": {
      "version": "7.21.4",
      "resolved": "https://registry.npmjs.org/@babel/parser/-/parser-7.21.4.tgz",
      "integrity": "sha512-alVJj7k7zIxqBZ7BTRhz0IqJFxW1VJbm6N8JbcYhQ186df9ZBPbZBmWSqAMXwHGsCJdYks7z/voa3ibiS5bCIw==",
      "dev": true,
      "bin": {
        "parser": "bin/babel-parser.js"
      },
      "engines": {
        "node": ">=6.0.0"
      }
    },
    "node_modules/@types/node": {
      "version": "18.15.11",
      "resolved": "https://registry.npmjs.org/@types/node/-/node-18.15.11.tgz",
      "integrity": "sha512-E5Kwq2n4SbMzQOn6wnmBjuK9ouqlURrcZDVfbo9ftDDTFt3nk7ZKK4GMOzoYgnpQJKcxwQw+lGaBvvlMo0qN/Q=="
    },
    "node_modules/@types/xml2js": {
      "version": "0.4.11",
      "resolved": "https://registry.npmjs.org/@types/xml2js/-/xml2js-0.4.11.tgz",
      "integrity": "sha512-JdigeAKmCyoJUiQljjr7tQG3if9NkqGUgwEUqBvV0N7LM4HyQk7UXCnusRa1lnvXAEYJ8mw8GtZWioagNztOwA==",
      "dependencies": {
        "@types/node": "*"
      }
    },
    "node_modules/asbundle": {
      "version": "2.7.0",
      "resolved": "https://registry.npmjs.org/asbundle/-/asbundle-2.7.0.tgz",
      "integrity": "sha512-BiMpM5liV0nLp1/EkmwDOEemMDaSxngGzYaCdWpPZJDRjZ8NrVM8ZSHFsvoX6OGFJgL7YkP9HzGh0jIQcHl4VQ==",
      "dev": true,
      "dependencies": {
        "ascjs": "^4.0.1",
        "babylon": "^6.18.0"
      },
      "bin": {
        "asbundle": "bin.js"
      }
    },
    "node_modules/ascjs": {
      "version": "4.0.3",
      "resolved": "https://registry.npmjs.org/ascjs/-/ascjs-4.0.3.tgz",
      "integrity": "sha512-/7SR1DegZHIx0CCL130D/jpgyjBffRzdt0YDtMO8uLcNnXDeEplffmRxP4bw4+ieNzNsWHaG40KEe1SVC3EKcA==",
      "dev": true,
      "dependencies": {
        "@babel/parser": "^7.12.5"
      },
      "bin": {
        "ascjs": "bin.js"
      }
    },
    "node_modules/babylon": {
      "version": "6.18.0",
      "resolved": "https://registry.npmjs.org/babylon/-/babylon-6.18.0.tgz",
      "integrity": "sha512-q/UEjfGJ2Cm3oKV71DJz9d25TPnq5rhBVL2Q4fA5wcC3jcrdn7+SssEybFIxwAvvP+YCsCYNKughoF33GxgycQ==",
      "dev": true,
      "bin": {
        "babylon": "bin/babylon.js"
      }
    },
    "node_modules/events": {
      "version": "3.3.0",
      "resolved": "git+ssh://git@github.com/browserify/events.git#48e3d18659caf72d94d319871106f089bb40002d",
      "license": "MIT",
      "engines": {
        "node": ">=0.8.x"
      }
    },
    "node_modules/gpx-parser-ts": {
      "version": "1.0.7",
      "resolved": "https://registry.npmjs.org/gpx-parser-ts/-/gpx-parser-ts-1.0.7.tgz",
      "integrity": "sha512-vRMFvh9PJgtlQzzbzHseCWNLQlAWpW4FZ31J1LJnu6B1eZ6zPIGx1+PQ+hcmaHlVJenkWS9ldV335AF8afsLRw==",
      "dependencies": {
        "@types/xml2js": "^0.4.11",
        "xml2js": "^0.4.23"
      }
    },
    "node_modules/sax": {
      "version": "1.2.4",
      "resolved": "https://registry.npmjs.org/sax/-/sax-1.2.4.tgz",
      "integrity": "sha512-NqVDv9TpANUjFm0N8uM5GxL36UgKi9/atZw+x7YFnQ8ckwFGKrl4xX4yWtrey3UJm5nP1kUbnYgLopqWNSRhWw=="
    },
    "node_modules/xml2js": {
      "version": "0.4.23",
      "resolved": "https://registry.npmjs.org/xml2js/-/xml2js-0.4.23.tgz",
      "integrity": "sha512-ySPiMjM0+pLDftHgXY4By0uswI3SPKLDw/i3UXbnO8M/p28zqexCUoPmQFrYD+/1BzhGJSs2i1ERWKJAtiLrug==",
      "dependencies": {
        "sax": ">=0.6.0",
        "xmlbuilder": "~11.0.0"
      },
      "engines": {
        "node": ">=4.0.0"
      }
    },
    "node_modules/xmlbuilder": {
      "version": "11.0.1",
      "resolved": "https://registry.npmjs.org/xmlbuilder/-/xmlbuilder-11.0.1.tgz",
      "integrity": "sha512-fDlsI/kFEx7gLvbecc0/ohLG50fugQp8ryHzMTuW9vSa1GJ0XYWKnhsUx7oie3G98+r56aTQIUB4kht42R3JvA==",
      "engines": {
        "node": ">=4.0"
      }
    }
  },
  "dependencies": {
    "@babel/parser": {
      "version": "7.21.4",
      "resolved": "https://registry.npmjs.org/@babel/parser/-/parser-7.21.4.tgz",
      "integrity": "sha512-alVJj7k7zIxqBZ7BTRhz0IqJFxW1VJbm6N8JbcYhQ186df9ZBPbZBmWSqAMXwHGsCJdYks7z/voa3ibiS5bCIw==",
      "dev": true
    },
    "@types/node": {
      "version": "18.15.11",
      "resolved": "https://registry.npmjs.org/@types/node/-/node-18.15.11.tgz",
      "integrity": "sha512-E5Kwq2n4SbMzQOn6wnmBjuK9ouqlURrcZDVfbo9ftDDTFt3nk7ZKK4GMOzoYgnpQJKcxwQw+lGaBvvlMo0qN/Q=="
    },
    "@types/xml2js": {
      "version": "0.4.11",
      "resolved": "https://registry.npmjs.org/@types/xml2js/-/xml2js-0.4.11.tgz",
      "integrity": "sha512-JdigeAKmCyoJUiQljjr7tQG3if9NkqGUgwEUqBvV0N7LM4HyQk7UXCnusRa1lnvXAEYJ8mw8GtZWioagNztOwA==",
      "requires": {
        "@types/node": "*"
      }
    },
    "asbundle": {
      "version": "2.7.0",
      "resolved": "https://registry.npmjs.org/asbundle/-/asbundle-2.7.0.tgz",
      "integrity": "sha512-BiMpM5liV0nLp1/EkmwDOEemMDaSxngGzYaCdWpPZJDRjZ8NrVM8ZSHFsvoX6OGFJgL7YkP9HzGh0jIQcHl4VQ==",
      "dev": true,
      "requires": {
        "ascjs": "^4.0.1",
        "babylon": "^6.18.0"
      }
    },
    "ascjs": {
      "version": "4.0.3",
      "resolved": "https://registry.npmjs.org/ascjs/-/ascjs-4.0.3.tgz",
      "integrity": "sha512-/7SR1DegZHIx0CCL130D/jpgyjBffRzdt0YDtMO8uLcNnXDeEplffmRxP4bw4+ieNzNsWHaG40KEe1SVC3EKcA==",
      "dev": true,
      "requires": {
        "@babel/parser": "^7.12.5"
      }
    },
    "babylon": {
      "version": "6.18.0",
      "resolved": "https://registry.npmjs.org/babylon/-/babylon-6.18.0.tgz",
      "integrity": "sha512-q/UEjfGJ2Cm3oKV71DJz9d25TPnq5rhBVL2Q4fA5wcC3jcrdn7+SssEybFIxwAvvP+YCsCYNKughoF33GxgycQ==",
      "dev": true
    },
    "events": {
      "version": "git+ssh://git@github.com/browserify/events.git#48e3d18659caf72d94d319871106f089bb40002d",
      "from": "events@browserify/events"
    },
    "gpx-parser-ts": {
      "version": "1.0.7",
      "resolved": "https://registry.npmjs.org/gpx-parser-ts/-/gpx-parser-ts-1.0.7.tgz",
      "integrity": "sha512-vRMFvh9PJgtlQzzbzHseCWNLQlAWpW4FZ31J1LJnu6B1eZ6zPIGx1+PQ+hcmaHlVJenkWS9ldV335AF8afsLRw==",
      "requires": {
        "@types/xml2js": "^0.4.11",
        "xml2js": "^0.4.23"
      }
    },
    "sax": {
      "version": "1.2.4",
      "resolved": "https://registry.npmjs.org/sax/-/sax-1.2.4.tgz",
      "integrity": "sha512-NqVDv9TpANUjFm0N8uM5GxL36UgKi9/atZw+x7YFnQ8ckwFGKrl4xX4yWtrey3UJm5nP1kUbnYgLopqWNSRhWw=="
    },
    "xml2js": {
      "version": "0.4.23",
      "resolved": "https://registry.npmjs.org/xml2js/-/xml2js-0.4.23.tgz",
      "integrity": "sha512-ySPiMjM0+pLDftHgXY4By0uswI3SPKLDw/i3UXbnO8M/p28zqexCUoPmQFrYD+/1BzhGJSs2i1ERWKJAtiLrug==",
      "requires": {
        "sax": ">=0.6.0",
        "xmlbuilder": "~11.0.0"
      }
    },
    "xmlbuilder": {
      "version": "11.0.1",
      "resolved": "https://registry.npmjs.org/xmlbuilder/-/xmlbuilder-11.0.1.tgz",
      "integrity": "sha512-fDlsI/kFEx7gLvbecc0/ohLG50fugQp8ryHzMTuW9vSa1GJ0XYWKnhsUx7oie3G98+r56aTQIUB4kht42R3JvA=="
    }
  }
}
